<?xml version="1.0" encoding="utf-8"?>
<Project ToolsVersion="4.0" xmlns="http://schemas.microsoft.com/developer/msbuild/2003">
  <ItemGroup>
    <Filter Include="Source Files">
      <UniqueIdentifier>{4FC737F1-C7A5-4376-A066-2A32D752A2FF}</UniqueIdentifier>
      <Extensions>cpp;c;cc;cxx;c++;def;odl;idl;hpj;bat;asm;asmx</Extensions>
    </Filter>
    <Filter Include="Header Files">
      <UniqueIdentifier>{93995380-89BD-4b04-88EB-625FBE52EBFB}</UniqueIdentifier>
      <Extensions>h;hh;hpp;hxx;h++;hm;inl;inc;ipp;xsd</Extensions>
    </Filter>
    <Filter Include="Resource Files">
      <UniqueIdentifier>{67DA6AB6-F800-4c08-8B7A-83BB121AAD01}</UniqueIdentifier>
      <Extensions>rc;ico;cur;bmp;dlg;rc2;rct;bin;rgs;gif;jpg;jpeg;jpe;resx;tiff;tif;png;wav;mfcribbon-ms</Extensions>
    </Filter>
    <Filter Include="Source Files\assets">
      <UniqueIdentifier>{b9a37685-eb45-409e-a625-33cf9daf1a6e}</UniqueIdentifier>
    </Filter>
    <Filter Include="Source Files\savedGames">
      <UniqueIdentifier>{e1a7b0a0-7c49-4209-8eae-0c6e994f2db6}</UniqueIdentifier>
    </Filter>
  </ItemGroup>
  <ItemGroup>
    <ClCompile Include="main.cpp">
      <Filter>Source Files</Filter>
    </ClCompile>
    <ClCompile Include="..\SFML\include\Monopoly.cpp">
      <Filter>Source Files</Filter>
    </ClCompile>
    <ClCompile Include="..\SFML\include\Bank.cpp">
      <Filter>Source Files</Filter>
    </ClCompile>
    <ClCompile Include="..\SFML\include\Board.cpp">
      <Filter>Source Files</Filter>
    </ClCompile>
    <ClCompile Include="..\SFML\include\Property.cpp">
      <Filter>Source Files</Filter>
    </ClCompile>
    <ClCompile Include="..\SFML\include\Player.cpp">
      <Filter>Source Files</Filter>
    </ClCompile>
    <ClCompile Include="..\SFML\include\Space.cpp">
      <Filter>Source Files</Filter>
    </ClCompile>
  </ItemGroup>
  <ItemGroup>
    <Image Include="assets\intro-splash-screen.png">
      <Filter>Source Files\assets</Filter>
    </Image>
    <Image Include="assets\character-face-cards.png">
      <Filter>Source Files\assets</Filter>
    </Image>
    <Image Include="assets\load-game-button.png">
      <Filter>Source Files\assets</Filter>
    </Image>
    <Image Include="assets\new-game-button.png">
      <Filter>Source Files\assets</Filter>
    </Image>
    <Image Include="assets\selection-screen.png">
      <Filter>Source Files\assets</Filter>
    </Image>
    <Image Include="assets\favicon.png">
      <Filter>Source Files\assets</Filter>
    </Image>
    <Image Include="assets\game-screen.png">
      <Filter>Source Files\assets</Filter>
    </Image>
  </ItemGroup>
  <ItemGroup>
    <Text Include="savedGames\savedGamesList.txt">
      <Filter>Source Files\savedGames</Filter>
    </Text>
  </ItemGroup>
  <ItemGroup>
    <ClInclude Include="..\SFML\include\Monopoly.h">
      <Filter>Header Files</Filter>
    </ClInclude>
    <ClInclude Include="..\SFML\include\Bank.h">
      <Filter>Header Files</Filter>
    </ClInclude>
    <ClInclude Include="..\SFML\include\Board.h">
      <Filter>Header Files</Filter>
    </ClInclude>
    <ClInclude Include="..\SFML\include\Property.h">
      <Filter>Header Files</Filter>
    </ClInclude>
    <ClInclude Include="..\SFML\include\Player.h">
      <Filter>Header Files</Filter>
    </ClInclude>
    <ClInclude Include="..\SFML\include\Space.h">
      <Filter>Header Files</Filter>
    </ClInclude>
  </ItemGroup>
</Project>