
Microsoft Visual Studio Solution File, Format Version 12.00
# Visual Studio 2012
Project("{8BC9CEB8-8B4A-11D0-8D11-00A0C91BC942}") = "Assignment 02", "Assignment 02\Assignment 02.vcxproj", "{F8D70412-96DE-4351-AC79-5B6877FFACCF}"
EndProject
Global
	GlobalSection(SolutionConfigurationPlatforms) = preSolution
		Debug|Win32 = Debug|Win32
		Release|Win32 = Release|Win32
	EndGlobalSection
	GlobalSection(ProjectConfigurationPlatforms) = postSolution
		{F8D70412-96DE-4351-AC79-5B6877FFACCF}.Debug|Win32.ActiveCfg = Debug|Win32
		{F8D70412-96DE-4351-AC79-5B6877FFACCF}.Debug|Win32.Build.0 = Debug|Win32
		{F8D70412-96DE-4351-AC79-5B6877FFACCF}.Release|Win32.ActiveCfg = Release|Win32
		{F8D70412-96DE-4351-AC79-5B6877FFACCF}.Release|Win32.Build.0 = Release|Win32
	EndGlobalSection
	GlobalSection(SolutionProperties) = preSolution
		HideSolutionNode = FALSE
	EndGlobalSection
EndGlobal
